
Microsoft Visual Studio Solution File, Format Version 12.00
# Visual Studio Version 16
VisualStudioVersion = 16.0.32106.194
MinimumVisualStudioVersion = 10.0.40219.1
Project("{FAE04EC0-301F-11D3-BF4B-00C04F79EFBC}") = "Secao4", "Secao4\Secao4.csproj", "{A3099F38-057E-40EB-BBAA-71974D2E045E}"
EndProject
Global
	GlobalSection(SolutionConfigurationPlatforms) = preSolution
		Debug|Any CPU = Debug|Any CPU
		Release|Any CPU = Release|Any CPU
	EndGlobalSection
	GlobalSection(ProjectConfigurationPlatforms) = postSolution
		{A3099F38-057E-40EB-BBAA-71974D2E045E}.Debug|Any CPU.ActiveCfg = Debug|Any CPU
		{A3099F38-057E-40EB-BBAA-71974D2E045E}.Debug|Any CPU.Build.0 = Debug|Any CPU
		{A3099F38-057E-40EB-BBAA-71974D2E045E}.Release|Any CPU.ActiveCfg = Release|Any CPU
		{A3099F38-057E-40EB-BBAA-71974D2E045E}.Release|Any CPU.Build.0 = Release|Any CPU
	EndGlobalSection
	GlobalSection(SolutionProperties) = preSolution
		HideSolutionNode = FALSE
	EndGlobalSection
	GlobalSection(ExtensibilityGlobals) = postSolution
		SolutionGuid = {2709247D-4518-4363-8F03-6762DFF0D8B4}
	EndGlobalSection
EndGlobal
